
Microsoft Visual Studio Solution File, Format Version 12.00
Project("{FAE04EC0-301F-11D3-BF4B-00C04F79EFBC}") = "MailWithAzureTwilioSendGrid", "MailWithAzureTwilioSendGrid\MailWithAzureTwilioSendGrid.csproj", "{7C31DA88-8FCC-4CA5-935F-1EC23B3BB061}"
EndProject
Global
	GlobalSection(SolutionConfigurationPlatforms) = preSolution
		Debug|Any CPU = Debug|Any CPU
		Release|Any CPU = Release|Any CPU
	EndGlobalSection
	GlobalSection(ProjectConfigurationPlatforms) = postSolution
		{7C31DA88-8FCC-4CA5-935F-1EC23B3BB061}.Debug|Any CPU.ActiveCfg = Debug|Any CPU
		{7C31DA88-8FCC-4CA5-935F-1EC23B3BB061}.Debug|Any CPU.Build.0 = Debug|Any CPU
		{7C31DA88-8FCC-4CA5-935F-1EC23B3BB061}.Release|Any CPU.ActiveCfg = Release|Any CPU
		{7C31DA88-8FCC-4CA5-935F-1EC23B3BB061}.Release|Any CPU.Build.0 = Release|Any CPU
	EndGlobalSection
EndGlobal
